// !$*UTF8*$!
{
	archiveVersion = 1;
	classes = {
	};
	objectVersion = 56;
	objects = {

/* Begin PBXBuildFile section */
		6D894B512CFF05BB00C06A49 /* AppDelegate.swift in Sources */ = {isa = PBXBuildFile; fileRef = 6D894B502CFF05BB00C06A49 /* AppDelegate.swift */; };
		6D894B532CFF05BB00C06A49 /* SceneDelegate.swift in Sources */ = {isa = PBXBuildFile; fileRef = 6D894B522CFF05BB00C06A49 /* SceneDelegate.swift */; };
		6D894B552CFF05BB00C06A49 /* ViewController.swift in Sources */ = {isa = PBXBuildFile; fileRef = 6D894B542CFF05BB00C06A49 /* ViewController.swift */; };
		6D894B582CFF05BB00C06A49 /* Base in Resources */ = {isa = PBXBuildFile; fileRef = 6D894B572CFF05BB00C06A49 /* Base */; };
		6D894B5A2CFF05BD00C06A49 /* Assets.xcassets in Resources */ = {isa = PBXBuildFile; fileRef = 6D894B592CFF05BD00C06A49 /* Assets.xcassets */; };
		6D894B5D2CFF05BD00C06A49 /* Base in Resources */ = {isa = PBXBuildFile; fileRef = 6D894B5C2CFF05BD00C06A49 /* Base */; };
		F007F05F828779BA74A40BE6 /* Pods_lottieXD.framework in Frameworks */ = {isa = PBXBuildFile; fileRef = EBECCFEFAB74E39EDEA3F593 /* Pods_lottieXD.framework */; };
/* End PBXBuildFile section */

/* Begin PBXFileReference section */
		55DF2A76589215CE54471E13 /* Pods-lottieXD.debug.xcconfig */ = {isa = PBXFileReference; includeInIndex = 1; lastKnownFileType = text.xcconfig; name = "Pods-lottieXD.debug.xcconfig"; path = "Target Support Files/Pods-lottieXD/Pods-lottieXD.debug.xcconfig"; sourceTree = "<group>"; };
		6D894B4D2CFF05BB00C06A49 /* lottieXD.app */ = {isa = PBXFileReference; explicitFileType = wrapper.application; includeInIndex = 0; path = lottieXD.app; sourceTree = BUILT_PRODUCTS_DIR; };
		6D894B502CFF05BB00C06A49 /* AppDelegate.swift */ = {isa = PBXFileReference; lastKnownFileType = sourcecode.swift; path = AppDelegate.swift; sourceTree = "<group>"; };
		6D894B522CFF05BB00C06A49 /* SceneDelegate.swift */ = {isa = PBXFileReference; lastKnownFileType = sourcecode.swift; path = SceneDelegate.swift; sourceTree = "<group>"; };
		6D894B542CFF05BB00C06A49 /* ViewController.swift */ = {isa = PBXFileReference; lastKnownFileType = sourcecode.swift; path = ViewController.swift; sourceTree = "<group>"; };
		6D894B572CFF05BB00C06A49 /* Base */ = {isa = PBXFileReference; lastKnownFileType = file.storyboard; name = Base; path = Base.lproj/Main.storyboard; sourceTree = "<group>"; };
		6D894B592CFF05BD00C06A49 /* Assets.xcassets */ = {isa = PBXFileReference; lastKnownFileType = folder.assetcatalog; path = Assets.xcassets; sourceTree = "<group>"; };
		6D894B5C2CFF05BD00C06A49 /* Base */ = {isa = PBXFileReference; lastKnownFileType = file.storyboard; name = Base; path = Base.lproj/LaunchScreen.storyboard; sourceTree = "<group>"; };
		6D894B5E2CFF05BD00C06A49 /* Info.plist */ = {isa = PBXFileReference; lastKnownFileType = text.plist.xml; path = Info.plist; sourceTree = "<group>"; };
		AF5699FB174C1AB2EC90AE12 /* Pods-lottieXD.release.xcconfig */ = {isa = PBXFileReference; includeInIndex = 1; lastKnownFileType = text.xcconfig; name = "Pods-lottieXD.release.xcconfig"; path = "Target Support Files/Pods-lottieXD/Pods-lottieXD.release.xcconfig"; sourceTree = "<group>"; };
		EBECCFEFAB74E39EDEA3F593 /* Pods_lottieXD.framework */ = {isa = PBXFileReference; explicitFileType = wrapper.framework; includeInIndex = 0; path = Pods_lottieXD.framework; sourceTree = BUILT_PRODUCTS_DIR; };
/* End PBXFileReference section */

/* Begin PBXFrameworksBuildPhase section */
		6D894B4A2CFF05BB00C06A49 /* Frameworks */ = {
			isa = PBXFrameworksBuildPhase;
			buildActionMask = 2147483647;
			files = (
				F007F05F828779BA74A40BE6 /* Pods_lottieXD.framework in Frameworks */,
			);
			runOnlyForDeploymentPostprocessing = 0;
		};
/* End PBXFrameworksBuildPhase section */

/* Begin PBXGroup section */
		6D148EDA7952307A1512BEFC /* Frameworks */ = {
			isa = PBXGroup;
			children = (
				EBECCFEFAB74E39EDEA3F593 /* Pods_lottieXD.framework */,
			);
			name = Frameworks;
			sourceTree = "<group>";
		};
		6D894B442CFF05BB00C06A49 = {
			isa = PBXGroup;
			children = (
				6D894B4F2CFF05BB00C06A49 /* lottieXD */,
				6D894B4E2CFF05BB00C06A49 /* Products */,
				E42FBB3A5B59B3F50C56D4AD /* Pods */,
				6D148EDA7952307A1512BEFC /* Frameworks */,
			);
			sourceTree = "<group>";
		};
		6D894B4E2CFF05BB00C06A49 /* Products */ = {
			isa = PBXGroup;
			children = (
				6D894B4D2CFF05BB00C06A49 /* lottieXD.app */,
			);
			name = Products;
			sourceTree = "<group>";
		};
		6D894B4F2CFF05BB00C06A49 /* lottieXD */ = {
			isa = PBXGroup;
			children = (
				6D894B502CFF05BB00C06A49 /* AppDelegate.swift */,
				6D894B522CFF05BB00C06A49 /* SceneDelegate.swift */,
				6D894B542CFF05BB00C06A49 /* ViewController.swift */,
				6D894B562CFF05BB00C06A49 /* Main.storyboard */,
				6D894B592CFF05BD00C06A49 /* Assets.xcassets */,
				6D894B5B2CFF05BD00C06A49 /* LaunchScreen.storyboard */,
				6D894B5E2CFF05BD00C06A49 /* Info.plist */,
			);
			path = lottieXD;
			sourceTree = "<group>";
		};
		E42FBB3A5B59B3F50C56D4AD /* Pods */ = {
			isa = PBXGroup;
			children = (
				55DF2A76589215CE54471E13 /* Pods-lottieXD.debug.xcconfig */,
				AF5699FB174C1AB2EC90AE12 /* Pods-lottieXD.release.xcconfig */,
			);
			path = Pods;
			sourceTree = "<group>";
		};
/* End PBXGroup section */

/* Begin PBXNativeTarget section */
		6D894B4C2CFF05BB00C06A49 /* lottieXD */ = {
			isa = PBXNativeTarget;
			buildConfigurationList = 6D894B612CFF05BD00C06A49 /* Build configuration list for PBXNativeTarget "lottieXD" */;
			buildPhases = (
				308A8C2F52B51DA240D1C7BC /* [CP] Check Pods Manifest.lock */,
				6D894B492CFF05BB00C06A49 /* Sources */,
				6D894B4A2CFF05BB00C06A49 /* Frameworks */,
				6D894B4B2CFF05BB00C06A49 /* Resources */,
				1672F0DCD35E34680854505F /* [CP] Embed Pods Frameworks */,
			);
			buildRules = (
			);
			dependencies = (
			);
			name = lottieXD;
			productName = lottieXD;
			productReference = 6D894B4D2CFF05BB00C06A49 /* lottieXD.app */;
			productType = "com.apple.product-type.application";
		};
/* End PBXNativeTarget section */

/* Begin PBXProject section */
		6D894B452CFF05BB00C06A49 /* Project object */ = {
			isa = PBXProject;
			attributes = {
				BuildIndependentTargetsInParallel = 1;
				LastSwiftUpdateCheck = 1540;
				LastUpgradeCheck = 1540;
				TargetAttributes = {
					6D894B4C2CFF05BB00C06A49 = {
						CreatedOnToolsVersion = 15.4;
					};
				};
			};
			buildConfigurationList = 6D894B482CFF05BB00C06A49 /* Build configuration list for PBXProject "lottieXD" */;
			compatibilityVersion = "Xcode 14.0";
			developmentRegion = en;
			hasScannedForEncodings = 0;
			knownRegions = (
				en,
				Base,
			);
			mainGroup = 6D894B442CFF05BB00C06A49;
			productRefGroup = 6D894B4E2CFF05BB00C06A49 /* Products */;
			projectDirPath = "";
			projectRoot = "";
			targets = (
				6D894B4C2CFF05BB00C06A49 /* lottieXD */,
			);
		};
/* End PBXProject section */

/* Begin PBXResourcesBuildPhase section */
		6D894B4B2CFF05BB00C06A49 /* Resources */ = {
			isa = PBXResourcesBuildPhase;
			buildActionMask = 2147483647;
			files = (
				6D894B5A2CFF05BD00C06A49 /* Assets.xcassets in Resources */,
				6D894B5D2CFF05BD00C06A49 /* Base in Resources */,
				6D894B582CFF05BB00C06A49 /* Base in Resources */,
			);
			runOnlyForDeploymentPostprocessing = 0;
		};
/* End PBXResourcesBuildPhase section */

/* Begin PBXShellScriptBuildPhase section */
		1672F0DCD35E34680854505F /* [CP] Embed Pods Frameworks */ = {
			isa = PBXShellScriptBuildPhase;
			buildActionMask = 12;
			files = (
			);
			inputFileListPaths = (
				"${PODS_ROOT}/Target Support Files/Pods-lottieXD/Pods-lottieXD-frameworks-${CONFIGURATION}-input-files.xcfilelist",
			);
			name = "[CP] Embed Pods Frameworks";
			outputFileListPaths = (
				"${PODS_ROOT}/Target Support Files/Pods-lottieXD/Pods-lottieXD-frameworks-${CONFIGURATION}-output-files.xcfilelist",
			);
			runOnlyForDeploymentPostprocessing = 0;
			shellPath = /bin/sh;
			shellScript = "\"${PODS_ROOT}/Target Support Files/Pods-lottieXD/Pods-lottieXD-frameworks.sh\"\n";
			showEnvVarsInLog = 0;
		};
		308A8C2F52B51DA240D1C7BC /* [CP] Check Pods Manifest.lock */ = {
			isa = PBXShellScriptBuildPhase;
			buildActionMask = 2147483647;
			files = (
			);
			inputFileListPaths = (
			);
			inputPaths = (
				"${PODS_PODFILE_DIR_PATH}/Podfile.lock",
				"${PODS_ROOT}/Manifest.lock",
			);
			name = "[CP] Check Pods Manifest.lock";
			outputFileListPaths = (
			);
			outputPaths = (
				"$(DERIVED_FILE_DIR)/Pods-lottieXD-checkManifestLockResult.txt",
			);
			runOnlyForDeploymentPostprocessing = 0;
			shellPath = /bin/sh;
			shellScript = "diff \"${PODS_PODFILE_DIR_PATH}/Podfile.lock\" \"${PODS_ROOT}/Manifest.lock\" > /dev/null\nif [ $? != 0 ] ; then\n    # print error to STDERR\n    echo \"error: The sandbox is not in sync with the Podfile.lock. Run 'pod install' or update your CocoaPods installation.\" >&2\n    exit 1\nfi\n# This output is used by Xcode 'outputs' to avoid re-running this script phase.\necho \"SUCCESS\" > \"${SCRIPT_OUTPUT_FILE_0}\"\n";
			showEnvVarsInLog = 0;
		};
/* End PBXShellScriptBuildPhase section */

/* Begin PBXSourcesBuildPhase section */
		6D894B492CFF05BB00C06A49 /* Sources */ = {
			isa = PBXSourcesBuildPhase;
			buildActionMask = 2147483647;
			files = (
				6D894B552CFF05BB00C06A49 /* ViewController.swift in Sources */,
				6D894B512CFF05BB00C06A49 /* AppDelegate.swift in Sources */,
				6D894B532CFF05BB00C06A49 /* SceneDelegate.swift in Sources */,
			);
			runOnlyForDeploymentPostprocessing = 0;
		};
/* End PBXSourcesBuildPhase section */

/* Begin PBXVariantGroup section */
		6D894B562CFF05BB00C06A49 /* Main.storyboard */ = {
			isa = PBXVariantGroup;
			children = (
				6D894B572CFF05BB00C06A49 /* Base */,
			);
			name = Main.storyboard;
			sourceTree = "<group>";
		};
		6D894B5B2CFF05BD00C06A49 /* LaunchScreen.storyboard */ = {
			isa = PBXVariantGroup;
			children = (
				6D894B5C2CFF05BD00C06A49 /* Base */,
			);
			name = LaunchScreen.storyboard;
			sourceTree = "<group>";
		};
/* End PBXVariantGroup section */

/* Begin XCBuildConfiguration section */
		6D894B5F2CFF05BD00C06A49 /* Debug */ = {
			isa = XCBuildConfiguration;
			buildSettings = {
				ALWAYS_SEARCH_USER_PATHS = NO;
				ASSETCATALOG_COMPILER_GENERATE_SWIFT_ASSET_SYMBOL_EXTENSIONS = YES;
				CLANG_ANALYZER_NONNULL = YES;
				CLANG_ANALYZER_NUMBER_OBJECT_CONVERSION = YES_AGGRESSIVE;
				CLANG_CXX_LANGUAGE_STANDARD = "gnu++20";
				CLANG_ENABLE_MODULES = YES;
				CLANG_ENABLE_OBJC_ARC = YES;
				CLANG_ENABLE_OBJC_WEAK = YES;
				CLANG_WARN_BLOCK_CAPTURE_AUTORELEASING = YES;
				CLANG_WARN_BOOL_CONVERSION = YES;
				CLANG_WARN_COMMA = YES;
				CLANG_WARN_CONSTANT_CONVERSION = YES;
				CLANG_WARN_DEPRECATED_OBJC_IMPLEMENTATIONS = YES;
				CLANG_WARN_DIRECT_OBJC_ISA_USAGE = YES_ERROR;
				CLANG_WARN_DOCUMENTATION_COMMENTS = YES;
				CLANG_WARN_EMPTY_BODY = YES;
				CLANG_WARN_ENUM_CONVERSION = YES;
				CLANG_WARN_INFINITE_RECURSION = YES;
				CLANG_WARN_INT_CONVERSION = YES;
				CLANG_WARN_NON_LITERAL_NULL_CONVERSION = YES;
				CLANG_WARN_OBJC_IMPLICIT_RETAIN_SELF = YES;
				CLANG_WARN_OBJC_LITERAL_CONVERSION = YES;
				CLANG_WARN_OBJC_ROOT_CLASS = YES_ERROR;
				CLANG_WARN_QUOTED_INCLUDE_IN_FRAMEWORK_HEADER = YES;
				CLANG_WARN_RANGE_LOOP_ANALYSIS = YES;
				CLANG_WARN_STRICT_PROTOTYPES = YES;
				CLANG_WARN_SUSPICIOUS_MOVE = YES;
				CLANG_WARN_UNGUARDED_AVAILABILITY = YES_AGGRESSIVE;
				CLANG_WARN_UNREACHABLE_CODE = YES;
				CLANG_WARN__DUPLICATE_METHOD_MATCH = YES;
				COPY_PHASE_STRIP = NO;
				DEBUG_INFORMATION_FORMAT = dwarf;
				ENABLE_STRICT_OBJC_MSGSEND = YES;
				ENABLE_TESTABILITY = YES;
				ENABLE_USER_SCRIPT_SANDBOXING = YES;
				GCC_C_LANGUAGE_STANDARD = gnu17;
				GCC_DYNAMIC_NO_PIC = NO;
				GCC_NO_COMMON_BLOCKS = YES;
				GCC_OPTIMIZATION_LEVEL = 0;
				GCC_PREPROCESSOR_DEFINITIONS = (
					"DEBUG=1",
					"$(inherited)",
				);
				GCC_WARN_64_TO_32_BIT_CONVERSION = YES;
				GCC_WARN_ABOUT_RETURN_TYPE = YES_ERROR;
				GCC_WARN_UNDECLARED_SELECTOR = YES;
				GCC_WARN_UNINITIALIZED_AUTOS = YES_AGGRESSIVE;
				GCC_WARN_UNUSED_FUNCTION = YES;
				GCC_WARN_UNUSED_VARIABLE = YES;
				IPHONEOS_DEPLOYMENT_TARGET = 17.5;
				LOCALIZATION_PREFERS_STRING_CATALOGS = YES;
				MTL_ENABLE_DEBUG_INFO = INCLUDE_SOURCE;
				MTL_FAST_MATH = YES;
				ONLY_ACTIVE_ARCH = YES;
				SDKROOT = iphoneos;
				SWIFT_ACTIVE_COMPILATION_CONDITIONS = "DEBUG $(inherited)";
				SWIFT_OPTIMIZATION_LEVEL = "-Onone";
			};
			name = Debug;
		};
		6D894B602CFF05BD00C06A49 /* Release */ = {
			isa = XCBuildConfiguration;
			buildSettings = {
				ALWAYS_SEARCH_USER_PATHS = NO;
				ASSETCATALOG_COMPILER_GENERATE_SWIFT_ASSET_SYMBOL_EXTENSIONS = YES;
				CLANG_ANALYZER_NONNULL = YES;
				CLANG_ANALYZER_NUMBER_OBJECT_CONVERSION = YES_AGGRESSIVE;
				CLANG_CXX_LANGUAGE_STANDARD = "gnu++20";
				CLANG_ENABLE_MODULES = YES;
				CLANG_ENABLE_OBJC_ARC = YES;
				CLANG_ENABLE_OBJC_WEAK = YES;
				CLANG_WARN_BLOCK_CAPTURE_AUTORELEASING = YES;
				CLANG_WARN_BOOL_CONVERSION = YES;
				CLANG_WARN_COMMA = YES;
				CLANG_WARN_CONSTANT_CONVERSION = YES;
				CLANG_WARN_DEPRECATED_OBJC_IMPLEMENTATIONS = YES;
				CLANG_WARN_DIRECT_OBJC_ISA_USAGE = YES_ERROR;
				CLANG_WARN_DOCUMENTATION_COMMENTS = YES;
				CLANG_WARN_EMPTY_BODY = YES;
				CLANG_WARN_ENUM_CONVERSION = YES;
				CLANG_WARN_INFINITE_RECURSION = YES;
				CLANG_WARN_INT_CONVERSION = YES;
				CLANG_WARN_NON_LITERAL_NULL_CONVERSION = YES;
				CLANG_WARN_OBJC_IMPLICIT_RETAIN_SELF = YES;
				CLANG_WARN_OBJC_LITERAL_CONVERSION = YES;
				CLANG_WARN_OBJC_ROOT_CLASS = YES_ERROR;
				CLANG_WARN_QUOTED_INCLUDE_IN_FRAMEWORK_HEADER = YES;
				CLANG_WARN_RANGE_LOOP_ANALYSIS = YES;
				CLANG_WARN_STRICT_PROTOTYPES = YES;
				CLANG_WARN_SUSPICIOUS_MOVE = YES;
				CLANG_WARN_UNGUARDED_AVAILABILITY = YES_AGGRESSIVE;
				CLANG_WARN_UNREACHABLE_CODE = YES;
				CLANG_WARN__DUPLICATE_METHOD_MATCH = YES;
				COPY_PHASE_STRIP = NO;
				DEBUG_INFORMATION_FORMAT = "dwarf-with-dsym";
				ENABLE_NS_ASSERTIONS = NO;
				ENABLE_STRICT_OBJC_MSGSEND = YES;
				ENABLE_USER_SCRIPT_SANDBOXING = YES;
				GCC_C_LANGUAGE_STANDARD = gnu17;
				GCC_NO_COMMON_BLOCKS = YES;
				GCC_WARN_64_TO_32_BIT_CONVERSION = YES;
				GCC_WARN_ABOUT_RETURN_TYPE = YES_ERROR;
				GCC_WARN_UNDECLARED_SELECTOR = YES;
				GCC_WARN_UNINITIALIZED_AUTOS = YES_AGGRESSIVE;
				GCC_WARN_UNUSED_FUNCTION = YES;
				GCC_WARN_UNUSED_VARIABLE = YES;
				IPHONEOS_DEPLOYMENT_TARGET = 17.5;
				LOCALIZATION_PREFERS_STRING_CATALOGS = YES;
				MTL_ENABLE_DEBUG_INFO = NO;
				MTL_FAST_MATH = YES;
				SDKROOT = iphoneos;
				SWIFT_COMPILATION_MODE = wholemodule;
				VALIDATE_PRODUCT = YES;
			};
			name = Release;
		};
		6D894B622CFF05BD00C06A49 /* Debug */ = {
			isa = XCBuildConfiguration;
			baseConfigurationReference = 55DF2A76589215CE54471E13 /* Pods-lottieXD.debug.xcconfig */;
			buildSettings = {
				ASSETCATALOG_COMPILER_APPICON_NAME = AppIcon;
				ASSETCATALOG_COMPILER_GLOBAL_ACCENT_COLOR_NAME = AccentColor;
				CODE_SIGN_STYLE = Automatic;
				CURRENT_PROJECT_VERSION = 1;
				DEVELOPMENT_TEAM = Z5QKKN4N6Z;
				GENERATE_INFOPLIST_FILE = YES;
				INFOPLIST_FILE = lottieXD/Info.plist;
				INFOPLIST_KEY_UIApplicationSupportsIndirectInputEvents = YES;
				INFOPLIST_KEY_UILaunchStoryboardName = LaunchScreen;
				INFOPLIST_KEY_UIMainStoryboardFile = Main;
				INFOPLIST_KEY_UISupportedInterfaceOrientations_iPad = "UIInterfaceOrientationPortrait UIInterfaceOrientationPortraitUpsideDown UIInterfaceOrientationLandscapeLeft UIInterfaceOrientationLandscapeRight";
				INFOPLIST_KEY_UISupportedInterfaceOrientations_iPhone = "UIInterfaceOrientationPortrait UIInterfaceOrientationLandscapeLeft UIInterfaceOrientationLandscapeRight";
				LD_RUNPATH_SEARCH_PATHS = (
					"$(inherited)",
					"@executable_path/Frameworks",
				);
				MARKETING_VERSION = 1.0;
				PRODUCT_BUNDLE_IDENTIFIER = com.brainCraft.lottieXD;
				PRODUCT_NAME = "$(TARGET_NAME)";
				SWIFT_EMIT_LOC_STRINGS = YES;
				SWIFT_VERSION = 5.0;
				TARGETED_DEVICE_FAMILY = "1,2";
			};
			name = Debug;
		};
		6D894B632CFF05BD00C06A49 /* Release */ = {
			isa = XCBuildConfiguration;
			baseConfigurationReference = AF5699FB174C1AB2EC90AE12 /* Pods-lottieXD.release.xcconfig */;
			buildSettings = {
				ASSETCATALOG_COMPILER_APPICON_NAME = AppIcon;
				ASSETCATALOG_COMPILER_GLOBAL_ACCENT_COLOR_NAME = AccentColor;
				CODE_SIGN_STYLE = Automatic;
				CURRENT_PROJECT_VERSION = 1;
				DEVELOPMENT_TEAM = Z5QKKN4N6Z;
				GENERATE_INFOPLIST_FILE = YES;
				INFOPLIST_FILE = lottieXD/Info.plist;
				INFOPLIST_KEY_UIApplicationSupportsIndirectInputEvents = YES;
				INFOPLIST_KEY_UILaunchStoryboardName = LaunchScreen;
				INFOPLIST_KEY_UIMainStoryboardFile = Main;
				INFOPLIST_KEY_UISupportedInterfaceOrientations_iPad = "UIInterfaceOrientationPortrait UIInterfaceOrientationPortraitUpsideDown UIInterfaceOrientationLandscapeLeft UIInterfaceOrientationLandscapeRight";
				INFOPLIST_KEY_UISupportedInterfaceOrientations_iPhone = "UIInterfaceOrientationPortrait UIInterfaceOrientationLandscapeLeft UIInterfaceOrientationLandscapeRight";
				LD_RUNPATH_SEARCH_PATHS = (
					"$(inherited)",
					"@executable_path/Frameworks",
				);
				MARKETING_VERSION = 1.0;
				PRODUCT_BUNDLE_IDENTIFIER = com.brainCraft.lottieXD;
				PRODUCT_NAME = "$(TARGET_NAME)";
				SWIFT_EMIT_LOC_STRINGS = YES;
				SWIFT_VERSION = 5.0;
				TARGETED_DEVICE_FAMILY = "1,2";
			};
			name = Release;
		};
/* End XCBuildConfiguration section */

/* Begin XCConfigurationList section */
		6D894B482CFF05BB00C06A49 /* Build configuration list for PBXProject "lottieXD" */ = {
			isa = XCConfigurationList;
			buildConfigurations = (
				6D894B5F2CFF05BD00C06A49 /* Debug */,
				6D894B602CFF05BD00C06A49 /* Release */,
			);
			defaultConfigurationIsVisible = 0;
			defaultConfigurationName = Release;
		};
		6D894B612CFF05BD00C06A49 /* Build configuration list for PBXNativeTarget "lottieXD" */ = {
			isa = XCConfigurationList;
			buildConfigurations = (
				6D894B622CFF05BD00C06A49 /* Debug */,
				6D894B632CFF05BD00C06A49 /* Release */,
			);
			defaultConfigurationIsVisible = 0;
			defaultConfigurationName = Release;
		};
/* End XCConfigurationList section */
	};
	rootObject = 6D894B452CFF05BB00C06A49 /* Project object */;
}
