// !$*UTF8*$!
{
	archiveVersion = 1;
	classes = {
	};
	objectVersion = 77;
	objects = {

/* Begin PBXContainerItemProxy section */
		6D7D87362D45F3D300431480 /* PBXContainerItemProxy */ = {
			isa = PBXContainerItemProxy;
			containerPortal = 6D7D87172D45F3D100431480 /* Project object */;
			proxyType = 1;
			remoteGlobalIDString = 6D7D871E2D45F3D100431480;
			remoteInfo = GifMakerSwift;
		};
		6D7D87402D45F3D300431480 /* PBXContainerItemProxy */ = {
			isa = PBXContainerItemProxy;
			containerPortal = 6D7D87172D45F3D100431480 /* Project object */;
			proxyType = 1;
			remoteGlobalIDString = 6D7D871E2D45F3D100431480;
			remoteInfo = GifMakerSwift;
		};
/* End PBXContainerItemProxy section */

/* Begin PBXFileReference section */
		6D7D871F2D45F3D100431480 /* GifMakerSwift.app */ = {isa = PBXFileReference; explicitFileType = wrapper.application; includeInIndex = 0; path = GifMakerSwift.app; sourceTree = BUILT_PRODUCTS_DIR; };
		6D7D87352D45F3D300431480 /* GifMakerSwiftTests.xctest */ = {isa = PBXFileReference; explicitFileType = wrapper.cfbundle; includeInIndex = 0; path = GifMakerSwiftTests.xctest; sourceTree = BUILT_PRODUCTS_DIR; };
		6D7D873F2D45F3D300431480 /* GifMakerSwiftUITests.xctest */ = {isa = PBXFileReference; explicitFileType = wrapper.cfbundle; includeInIndex = 0; path = GifMakerSwiftUITests.xctest; sourceTree = BUILT_PRODUCTS_DIR; };
/* End PBXFileReference section */

/* Begin PBXFileSystemSynchronizedBuildFileExceptionSet section */
		6D7D87472D45F3D300431480 /* Exceptions for "GifMakerSwift" folder in "GifMakerSwift" target */ = {
			isa = PBXFileSystemSynchronizedBuildFileExceptionSet;
			membershipExceptions = (
				Info.plist,
			);
			target = 6D7D871E2D45F3D100431480 /* GifMakerSwift */;
		};
/* End PBXFileSystemSynchronizedBuildFileExceptionSet section */

/* Begin PBXFileSystemSynchronizedRootGroup section */
		6D7D87212D45F3D100431480 /* GifMakerSwift */ = {
			isa = PBXFileSystemSynchronizedRootGroup;
			exceptions = (
				6D7D87472D45F3D300431480 /* Exceptions for "GifMakerSwift" folder in "GifMakerSwift" target */,
			);
			path = GifMakerSwift;
			sourceTree = "<group>";
		};
		6D7D87382D45F3D300431480 /* GifMakerSwiftTests */ = {
			isa = PBXFileSystemSynchronizedRootGroup;
			path = GifMakerSwiftTests;
			sourceTree = "<group>";
		};
		6D7D87422D45F3D300431480 /* GifMakerSwiftUITests */ = {
			isa = PBXFileSystemSynchronizedRootGroup;
			path = GifMakerSwiftUITests;
			sourceTree = "<group>";
		};
/* End PBXFileSystemSynchronizedRootGroup section */

/* Begin PBXFrameworksBuildPhase section */
		6D7D871C2D45F3D100431480 /* Frameworks */ = {
			isa = PBXFrameworksBuildPhase;
			buildActionMask = 2147483647;
			files = (
			);
			runOnlyForDeploymentPostprocessing = 0;
		};
		6D7D87322D45F3D300431480 /* Frameworks */ = {
			isa = PBXFrameworksBuildPhase;
			buildActionMask = 2147483647;
			files = (
			);
			runOnlyForDeploymentPostprocessing = 0;
		};
		6D7D873C2D45F3D300431480 /* Frameworks */ = {
			isa = PBXFrameworksBuildPhase;
			buildActionMask = 2147483647;
			files = (
			);
			runOnlyForDeploymentPostprocessing = 0;
		};
/* End PBXFrameworksBuildPhase section */

/* Begin PBXGroup section */
		6D7D87162D45F3D100431480 = {
			isa = PBXGroup;
			children = (
				6D7D87212D45F3D100431480 /* GifMakerSwift */,
				6D7D87382D45F3D300431480 /* GifMakerSwiftTests */,
				6D7D87422D45F3D300431480 /* GifMakerSwiftUITests */,
				6D7D87202D45F3D100431480 /* Products */,
			);
			sourceTree = "<group>";
		};
		6D7D87202D45F3D100431480 /* Products */ = {
			isa = PBXGroup;
			children = (
				6D7D871F2D45F3D100431480 /* GifMakerSwift.app */,
				6D7D87352D45F3D300431480 /* GifMakerSwiftTests.xctest */,
				6D7D873F2D45F3D300431480 /* GifMakerSwiftUITests.xctest */,
			);
			name = Products;
			sourceTree = "<group>";
		};
/* End PBXGroup section */

/* Begin PBXNativeTarget section */
		6D7D871E2D45F3D100431480 /* GifMakerSwift */ = {
			isa = PBXNativeTarget;
			buildConfigurationList = 6D7D87482D45F3D300431480 /* Build configuration list for PBXNativeTarget "GifMakerSwift" */;
			buildPhases = (
				6D7D871B2D45F3D100431480 /* Sources */,
				6D7D871C2D45F3D100431480 /* Frameworks */,
				6D7D871D2D45F3D100431480 /* Resources */,
			);
			buildRules = (
			);
			dependencies = (
			);
			fileSystemSynchronizedGroups = (
				6D7D87212D45F3D100431480 /* GifMakerSwift */,
			);
			name = GifMakerSwift;
			packageProductDependencies = (
			);
			productName = GifMakerSwift;
			productReference = 6D7D871F2D45F3D100431480 /* GifMakerSwift.app */;
			productType = "com.apple.product-type.application";
		};
		6D7D87342D45F3D300431480 /* GifMakerSwiftTests */ = {
			isa = PBXNativeTarget;
			buildConfigurationList = 6D7D874D2D45F3D300431480 /* Build configuration list for PBXNativeTarget "GifMakerSwiftTests" */;
			buildPhases = (
				6D7D87312D45F3D300431480 /* Sources */,
				6D7D87322D45F3D300431480 /* Frameworks */,
				6D7D87332D45F3D300431480 /* Resources */,
			);
			buildRules = (
			);
			dependencies = (
				6D7D87372D45F3D300431480 /* PBXTargetDependency */,
			);
			fileSystemSynchronizedGroups = (
				6D7D87382D45F3D300431480 /* GifMakerSwiftTests */,
			);
			name = GifMakerSwiftTests;
			packageProductDependencies = (
			);
			productName = GifMakerSwiftTests;
			productReference = 6D7D87352D45F3D300431480 /* GifMakerSwiftTests.xctest */;
			productType = "com.apple.product-type.bundle.unit-test";
		};
		6D7D873E2D45F3D300431480 /* GifMakerSwiftUITests */ = {
			isa = PBXNativeTarget;
			buildConfigurationList = 6D7D87502D45F3D300431480 /* Build configuration list for PBXNativeTarget "GifMakerSwiftUITests" */;
			buildPhases = (
				6D7D873B2D45F3D300431480 /* Sources */,
				6D7D873C2D45F3D300431480 /* Frameworks */,
				6D7D873D2D45F3D300431480 /* Resources */,
			);
			buildRules = (
			);
			dependencies = (
				6D7D87412D45F3D300431480 /* PBXTargetDependency */,
			);
			fileSystemSynchronizedGroups = (
				6D7D87422D45F3D300431480 /* GifMakerSwiftUITests */,
			);
			name = GifMakerSwiftUITests;
			packageProductDependencies = (
			);
			productName = GifMakerSwiftUITests;
			productReference = 6D7D873F2D45F3D300431480 /* GifMakerSwiftUITests.xctest */;
			productType = "com.apple.product-type.bundle.ui-testing";
		};
/* End PBXNativeTarget section */

/* Begin PBXProject section */
		6D7D87172D45F3D100431480 /* Project object */ = {
			isa = PBXProject;
			attributes = {
				BuildIndependentTargetsInParallel = 1;
				LastSwiftUpdateCheck = 1610;
				LastUpgradeCheck = 1610;
				TargetAttributes = {
					6D7D871E2D45F3D100431480 = {
						CreatedOnToolsVersion = 16.1;
					};
					6D7D87342D45F3D300431480 = {
						CreatedOnToolsVersion = 16.1;
						TestTargetID = 6D7D871E2D45F3D100431480;
					};
					6D7D873E2D45F3D300431480 = {
						CreatedOnToolsVersion = 16.1;
						TestTargetID = 6D7D871E2D45F3D100431480;
					};
				};
			};
			buildConfigurationList = 6D7D871A2D45F3D100431480 /* Build configuration list for PBXProject "GifMakerSwift" */;
			developmentRegion = en;
			hasScannedForEncodings = 0;
			knownRegions = (
				en,
				Base,
			);
			mainGroup = 6D7D87162D45F3D100431480;
			minimizedProjectReferenceProxies = 1;
			preferredProjectObjectVersion = 77;
			productRefGroup = 6D7D87202D45F3D100431480 /* Products */;
			projectDirPath = "";
			projectRoot = "";
			targets = (
				6D7D871E2D45F3D100431480 /* GifMakerSwift */,
				6D7D87342D45F3D300431480 /* GifMakerSwiftTests */,
				6D7D873E2D45F3D300431480 /* GifMakerSwiftUITests */,
			);
		};
/* End PBXProject section */

/* Begin PBXResourcesBuildPhase section */
		6D7D871D2D45F3D100431480 /* Resources */ = {
			isa = PBXResourcesBuildPhase;
			buildActionMask = 2147483647;
			files = (
			);
			runOnlyForDeploymentPostprocessing = 0;
		};
		6D7D87332D45F3D300431480 /* Resources */ = {
			isa = PBXResourcesBuildPhase;
			buildActionMask = 2147483647;
			files = (
			);
			runOnlyForDeploymentPostprocessing = 0;
		};
		6D7D873D2D45F3D300431480 /* Resources */ = {
			isa = PBXResourcesBuildPhase;
			buildActionMask = 2147483647;
			files = (
			);
			runOnlyForDeploymentPostprocessing = 0;
		};
/* End PBXResourcesBuildPhase section */

/* Begin PBXSourcesBuildPhase section */
		6D7D871B2D45F3D100431480 /* Sources */ = {
			isa = PBXSourcesBuildPhase;
			buildActionMask = 2147483647;
			files = (
			);
			runOnlyForDeploymentPostprocessing = 0;
		};
		6D7D87312D45F3D300431480 /* Sources */ = {
			isa = PBXSourcesBuildPhase;
			buildActionMask = 2147483647;
			files = (
			);
			runOnlyForDeploymentPostprocessing = 0;
		};
		6D7D873B2D45F3D300431480 /* Sources */ = {
			isa = PBXSourcesBuildPhase;
			buildActionMask = 2147483647;
			files = (
			);
			runOnlyForDeploymentPostprocessing = 0;
		};
/* End PBXSourcesBuildPhase section */

/* Begin PBXTargetDependency section */
		6D7D87372D45F3D300431480 /* PBXTargetDependency */ = {
			isa = PBXTargetDependency;
			target = 6D7D871E2D45F3D100431480 /* GifMakerSwift */;
			targetProxy = 6D7D87362D45F3D300431480 /* PBXContainerItemProxy */;
		};
		6D7D87412D45F3D300431480 /* PBXTargetDependency */ = {
			isa = PBXTargetDependency;
			target = 6D7D871E2D45F3D100431480 /* GifMakerSwift */;
			targetProxy = 6D7D87402D45F3D300431480 /* PBXContainerItemProxy */;
		};
/* End PBXTargetDependency section */

/* Begin XCBuildConfiguration section */
		6D7D87492D45F3D300431480 /* Debug */ = {
			isa = XCBuildConfiguration;
			buildSettings = {
				ASSETCATALOG_COMPILER_APPICON_NAME = AppIcon;
				ASSETCATALOG_COMPILER_GLOBAL_ACCENT_COLOR_NAME = AccentColor;
				CODE_SIGN_STYLE = Automatic;
				CURRENT_PROJECT_VERSION = 1;
				DEVELOPMENT_TEAM = Z5QKKN4N6Z;
				GENERATE_INFOPLIST_FILE = YES;
				INFOPLIST_FILE = GifMakerSwift/Info.plist;
				INFOPLIST_KEY_UIApplicationSupportsIndirectInputEvents = YES;
				INFOPLIST_KEY_UILaunchStoryboardName = LaunchScreen;
				INFOPLIST_KEY_UIMainStoryboardFile = Main;
				INFOPLIST_KEY_UISupportedInterfaceOrientations_iPad = "UIInterfaceOrientationPortrait UIInterfaceOrientationPortraitUpsideDown UIInterfaceOrientationLandscapeLeft UIInterfaceOrientationLandscapeRight";
				INFOPLIST_KEY_UISupportedInterfaceOrientations_iPhone = "UIInterfaceOrientationPortrait UIInterfaceOrientationLandscapeLeft UIInterfaceOrientationLandscapeRight";
				IPHONEOS_DEPLOYMENT_TARGET = 13;
				LD_RUNPATH_SEARCH_PATHS = (
					"$(inherited)",
					"@executable_path/Frameworks",
				);
				MARKETING_VERSION = 1.0;
				PRODUCT_BUNDLE_IDENTIFIER = com.brainCraft.GifMakerSwift;
				PRODUCT_NAME = "$(TARGET_NAME)";
				SWIFT_EMIT_LOC_STRINGS = YES;
				SWIFT_VERSION = 5.0;
				TARGETED_DEVICE_FAMILY = "1,2";
			};
			name = Debug;
		};
		6D7D874A2D45F3D300431480 /* Release */ = {
			isa = XCBuildConfiguration;
			buildSettings = {
				ASSETCATALOG_COMPILER_APPICON_NAME = AppIcon;
				ASSETCATALOG_COMPILER_GLOBAL_ACCENT_COLOR_NAME = AccentColor;
				CODE_SIGN_STYLE = Automatic;
				CURRENT_PROJECT_VERSION = 1;
				DEVELOPMENT_TEAM = Z5QKKN4N6Z;
				GENERATE_INFOPLIST_FILE = YES;
				INFOPLIST_FILE = GifMakerSwift/Info.plist;
				INFOPLIST_KEY_UIApplicationSupportsIndirectInputEvents = YES;
				INFOPLIST_KEY_UILaunchStoryboardName = LaunchScreen;
				INFOPLIST_KEY_UIMainStoryboardFile = Main;
				INFOPLIST_KEY_UISupportedInterfaceOrientations_iPad = "UIInterfaceOrientationPortrait UIInterfaceOrientationPortraitUpsideDown UIInterfaceOrientationLandscapeLeft UIInterfaceOrientationLandscapeRight";
				INFOPLIST_KEY_UISupportedInterfaceOrientations_iPhone = "UIInterfaceOrientationPortrait UIInterfaceOrientationLandscapeLeft UIInterfaceOrientationLandscapeRight";
				IPHONEOS_DEPLOYMENT_TARGET = 13;
				LD_RUNPATH_SEARCH_PATHS = (
					"$(inherited)",
					"@executable_path/Frameworks",
				);
				MARKETING_VERSION = 1.0;
				PRODUCT_BUNDLE_IDENTIFIER = com.brainCraft.GifMakerSwift;
				PRODUCT_NAME = "$(TARGET_NAME)";
				SWIFT_EMIT_LOC_STRINGS = YES;
				SWIFT_VERSION = 5.0;
				TARGETED_DEVICE_FAMILY = "1,2";
			};
			name = Release;
		};
		6D7D874B2D45F3D300431480 /* Debug */ = {
			isa = XCBuildConfiguration;
			buildSettings = {
				ALWAYS_SEARCH_USER_PATHS = NO;
				ASSETCATALOG_COMPILER_GENERATE_SWIFT_ASSET_SYMBOL_EXTENSIONS = YES;
				CLANG_ANALYZER_NONNULL = YES;
				CLANG_ANALYZER_NUMBER_OBJECT_CONVERSION = YES_AGGRESSIVE;
				CLANG_CXX_LANGUAGE_STANDARD = "gnu++20";
				CLANG_ENABLE_MODULES = YES;
				CLANG_ENABLE_OBJC_ARC = YES;
				CLANG_ENABLE_OBJC_WEAK = YES;
				CLANG_WARN_BLOCK_CAPTURE_AUTORELEASING = YES;
				CLANG_WARN_BOOL_CONVERSION = YES;
				CLANG_WARN_COMMA = YES;
				CLANG_WARN_CONSTANT_CONVERSION = YES;
				CLANG_WARN_DEPRECATED_OBJC_IMPLEMENTATIONS = YES;
				CLANG_WARN_DIRECT_OBJC_ISA_USAGE = YES_ERROR;
				CLANG_WARN_DOCUMENTATION_COMMENTS = YES;
				CLANG_WARN_EMPTY_BODY = YES;
				CLANG_WARN_ENUM_CONVERSION = YES;
				CLANG_WARN_INFINITE_RECURSION = YES;
				CLANG_WARN_INT_CONVERSION = YES;
				CLANG_WARN_NON_LITERAL_NULL_CONVERSION = YES;
				CLANG_WARN_OBJC_IMPLICIT_RETAIN_SELF = YES;
				CLANG_WARN_OBJC_LITERAL_CONVERSION = YES;
				CLANG_WARN_OBJC_ROOT_CLASS = YES_ERROR;
				CLANG_WARN_QUOTED_INCLUDE_IN_FRAMEWORK_HEADER = YES;
				CLANG_WARN_RANGE_LOOP_ANALYSIS = YES;
				CLANG_WARN_STRICT_PROTOTYPES = YES;
				CLANG_WARN_SUSPICIOUS_MOVE = YES;
				CLANG_WARN_UNGUARDED_AVAILABILITY = YES_AGGRESSIVE;
				CLANG_WARN_UNREACHABLE_CODE = YES;
				CLANG_WARN__DUPLICATE_METHOD_MATCH = YES;
				COPY_PHASE_STRIP = NO;
				DEBUG_INFORMATION_FORMAT = dwarf;
				ENABLE_STRICT_OBJC_MSGSEND = YES;
				ENABLE_TESTABILITY = YES;
				ENABLE_USER_SCRIPT_SANDBOXING = YES;
				GCC_C_LANGUAGE_STANDARD = gnu17;
				GCC_DYNAMIC_NO_PIC = NO;
				GCC_NO_COMMON_BLOCKS = YES;
				GCC_OPTIMIZATION_LEVEL = 0;
				GCC_PREPROCESSOR_DEFINITIONS = (
					"DEBUG=1",
					"$(inherited)",
				);
				GCC_WARN_64_TO_32_BIT_CONVERSION = YES;
				GCC_WARN_ABOUT_RETURN_TYPE = YES_ERROR;
				GCC_WARN_UNDECLARED_SELECTOR = YES;
				GCC_WARN_UNINITIALIZED_AUTOS = YES_AGGRESSIVE;
				GCC_WARN_UNUSED_FUNCTION = YES;
				GCC_WARN_UNUSED_VARIABLE = YES;
				IPHONEOS_DEPLOYMENT_TARGET = 18.1;
				LOCALIZATION_PREFERS_STRING_CATALOGS = YES;
				MTL_ENABLE_DEBUG_INFO = INCLUDE_SOURCE;
				MTL_FAST_MATH = YES;
				ONLY_ACTIVE_ARCH = YES;
				SDKROOT = iphoneos;
				SWIFT_ACTIVE_COMPILATION_CONDITIONS = "DEBUG $(inherited)";
				SWIFT_OPTIMIZATION_LEVEL = "-Onone";
			};
			name = Debug;
		};
		6D7D874C2D45F3D300431480 /* Release */ = {
			isa = XCBuildConfiguration;
			buildSettings = {
				ALWAYS_SEARCH_USER_PATHS = NO;
				ASSETCATALOG_COMPILER_GENERATE_SWIFT_ASSET_SYMBOL_EXTENSIONS = YES;
				CLANG_ANALYZER_NONNULL = YES;
				CLANG_ANALYZER_NUMBER_OBJECT_CONVERSION = YES_AGGRESSIVE;
				CLANG_CXX_LANGUAGE_STANDARD = "gnu++20";
				CLANG_ENABLE_MODULES = YES;
				CLANG_ENABLE_OBJC_ARC = YES;
				CLANG_ENABLE_OBJC_WEAK = YES;
				CLANG_WARN_BLOCK_CAPTURE_AUTORELEASING = YES;
				CLANG_WARN_BOOL_CONVERSION = YES;
				CLANG_WARN_COMMA = YES;
				CLANG_WARN_CONSTANT_CONVERSION = YES;
				CLANG_WARN_DEPRECATED_OBJC_IMPLEMENTATIONS = YES;
				CLANG_WARN_DIRECT_OBJC_ISA_USAGE = YES_ERROR;
				CLANG_WARN_DOCUMENTATION_COMMENTS = YES;
				CLANG_WARN_EMPTY_BODY = YES;
				CLANG_WARN_ENUM_CONVERSION = YES;
				CLANG_WARN_INFINITE_RECURSION = YES;
				CLANG_WARN_INT_CONVERSION = YES;
				CLANG_WARN_NON_LITERAL_NULL_CONVERSION = YES;
				CLANG_WARN_OBJC_IMPLICIT_RETAIN_SELF = YES;
				CLANG_WARN_OBJC_LITERAL_CONVERSION = YES;
				CLANG_WARN_OBJC_ROOT_CLASS = YES_ERROR;
				CLANG_WARN_QUOTED_INCLUDE_IN_FRAMEWORK_HEADER = YES;
				CLANG_WARN_RANGE_LOOP_ANALYSIS = YES;
				CLANG_WARN_STRICT_PROTOTYPES = YES;
				CLANG_WARN_SUSPICIOUS_MOVE = YES;
				CLANG_WARN_UNGUARDED_AVAILABILITY = YES_AGGRESSIVE;
				CLANG_WARN_UNREACHABLE_CODE = YES;
				CLANG_WARN__DUPLICATE_METHOD_MATCH = YES;
				COPY_PHASE_STRIP = NO;
				DEBUG_INFORMATION_FORMAT = "dwarf-with-dsym";
				ENABLE_NS_ASSERTIONS = NO;
				ENABLE_STRICT_OBJC_MSGSEND = YES;
				ENABLE_USER_SCRIPT_SANDBOXING = YES;
				GCC_C_LANGUAGE_STANDARD = gnu17;
				GCC_NO_COMMON_BLOCKS = YES;
				GCC_WARN_64_TO_32_BIT_CONVERSION = YES;
				GCC_WARN_ABOUT_RETURN_TYPE = YES_ERROR;
				GCC_WARN_UNDECLARED_SELECTOR = YES;
				GCC_WARN_UNINITIALIZED_AUTOS = YES_AGGRESSIVE;
				GCC_WARN_UNUSED_FUNCTION = YES;
				GCC_WARN_UNUSED_VARIABLE = YES;
				IPHONEOS_DEPLOYMENT_TARGET = 18.1;
				LOCALIZATION_PREFERS_STRING_CATALOGS = YES;
				MTL_ENABLE_DEBUG_INFO = NO;
				MTL_FAST_MATH = YES;
				SDKROOT = iphoneos;
				SWIFT_COMPILATION_MODE = wholemodule;
				VALIDATE_PRODUCT = YES;
			};
			name = Release;
		};
		6D7D874E2D45F3D300431480 /* Debug */ = {
			isa = XCBuildConfiguration;
			buildSettings = {
				BUNDLE_LOADER = "$(TEST_HOST)";
				CODE_SIGN_STYLE = Automatic;
				CURRENT_PROJECT_VERSION = 1;
				DEVELOPMENT_TEAM = Z5QKKN4N6Z;
				GENERATE_INFOPLIST_FILE = YES;
				IPHONEOS_DEPLOYMENT_TARGET = 18.1;
				MARKETING_VERSION = 1.0;
				PRODUCT_BUNDLE_IDENTIFIER = com.brainCraft.GifMakerSwiftTests;
				PRODUCT_NAME = "$(TARGET_NAME)";
				SWIFT_EMIT_LOC_STRINGS = NO;
				SWIFT_VERSION = 5.0;
				TARGETED_DEVICE_FAMILY = "1,2";
				TEST_HOST = "$(BUILT_PRODUCTS_DIR)/GifMakerSwift.app/$(BUNDLE_EXECUTABLE_FOLDER_PATH)/GifMakerSwift";
			};
			name = Debug;
		};
		6D7D874F2D45F3D300431480 /* Release */ = {
			isa = XCBuildConfiguration;
			buildSettings = {
				BUNDLE_LOADER = "$(TEST_HOST)";
				CODE_SIGN_STYLE = Automatic;
				CURRENT_PROJECT_VERSION = 1;
				DEVELOPMENT_TEAM = Z5QKKN4N6Z;
				GENERATE_INFOPLIST_FILE = YES;
				IPHONEOS_DEPLOYMENT_TARGET = 18.1;
				MARKETING_VERSION = 1.0;
				PRODUCT_BUNDLE_IDENTIFIER = com.brainCraft.GifMakerSwiftTests;
				PRODUCT_NAME = "$(TARGET_NAME)";
				SWIFT_EMIT_LOC_STRINGS = NO;
				SWIFT_VERSION = 5.0;
				TARGETED_DEVICE_FAMILY = "1,2";
				TEST_HOST = "$(BUILT_PRODUCTS_DIR)/GifMakerSwift.app/$(BUNDLE_EXECUTABLE_FOLDER_PATH)/GifMakerSwift";
			};
			name = Release;
		};
		6D7D87512D45F3D300431480 /* Debug */ = {
			isa = XCBuildConfiguration;
			buildSettings = {
				CODE_SIGN_STYLE = Automatic;
				CURRENT_PROJECT_VERSION = 1;
				DEVELOPMENT_TEAM = Z5QKKN4N6Z;
				GENERATE_INFOPLIST_FILE = YES;
				MARKETING_VERSION = 1.0;
				PRODUCT_BUNDLE_IDENTIFIER = com.brainCraft.GifMakerSwiftUITests;
				PRODUCT_NAME = "$(TARGET_NAME)";
				SWIFT_EMIT_LOC_STRINGS = NO;
				SWIFT_VERSION = 5.0;
				TARGETED_DEVICE_FAMILY = "1,2";
				TEST_TARGET_NAME = GifMakerSwift;
			};
			name = Debug;
		};
		6D7D87522D45F3D300431480 /* Release */ = {
			isa = XCBuildConfiguration;
			buildSettings = {
				CODE_SIGN_STYLE = Automatic;
				CURRENT_PROJECT_VERSION = 1;
				DEVELOPMENT_TEAM = Z5QKKN4N6Z;
				GENERATE_INFOPLIST_FILE = YES;
				MARKETING_VERSION = 1.0;
				PRODUCT_BUNDLE_IDENTIFIER = com.brainCraft.GifMakerSwiftUITests;
				PRODUCT_NAME = "$(TARGET_NAME)";
				SWIFT_EMIT_LOC_STRINGS = NO;
				SWIFT_VERSION = 5.0;
				TARGETED_DEVICE_FAMILY = "1,2";
				TEST_TARGET_NAME = GifMakerSwift;
			};
			name = Release;
		};
/* End XCBuildConfiguration section */

/* Begin XCConfigurationList section */
		6D7D871A2D45F3D100431480 /* Build configuration list for PBXProject "GifMakerSwift" */ = {
			isa = XCConfigurationList;
			buildConfigurations = (
				6D7D874B2D45F3D300431480 /* Debug */,
				6D7D874C2D45F3D300431480 /* Release */,
			);
			defaultConfigurationIsVisible = 0;
			defaultConfigurationName = Release;
		};
		6D7D87482D45F3D300431480 /* Build configuration list for PBXNativeTarget "GifMakerSwift" */ = {
			isa = XCConfigurationList;
			buildConfigurations = (
				6D7D87492D45F3D300431480 /* Debug */,
				6D7D874A2D45F3D300431480 /* Release */,
			);
			defaultConfigurationIsVisible = 0;
			defaultConfigurationName = Release;
		};
		6D7D874D2D45F3D300431480 /* Build configuration list for PBXNativeTarget "GifMakerSwiftTests" */ = {
			isa = XCConfigurationList;
			buildConfigurations = (
				6D7D874E2D45F3D300431480 /* Debug */,
				6D7D874F2D45F3D300431480 /* Release */,
			);
			defaultConfigurationIsVisible = 0;
			defaultConfigurationName = Release;
		};
		6D7D87502D45F3D300431480 /* Build configuration list for PBXNativeTarget "GifMakerSwiftUITests" */ = {
			isa = XCConfigurationList;
			buildConfigurations = (
				6D7D87512D45F3D300431480 /* Debug */,
				6D7D87522D45F3D300431480 /* Release */,
			);
			defaultConfigurationIsVisible = 0;
			defaultConfigurationName = Release;
		};
/* End XCConfigurationList section */
	};
	rootObject = 6D7D87172D45F3D100431480 /* Project object */;
}
