// !$*UTF8*$!
{
	archiveVersion = 1;
	classes = {
	};
	objectVersion = 56;
	objects = {

/* Begin PBXBuildFile section */
		6D6603B22D057E2B0099E0B2 /* CollectionViewCell.xib in Resources */ = {isa = PBXBuildFile; fileRef = 6D6603B12D057E2B0099E0B2 /* CollectionViewCell.xib */; };
		6D6603B32D057E2B0099E0B2 /* CollectionViewCell.swift in Sources */ = {isa = PBXBuildFile; fileRef = 6D6603B02D057E2B0099E0B2 /* CollectionViewCell.swift */; };
		6DCD77EB2CE4585F003C582C /* AppDelegate.swift in Sources */ = {isa = PBXBuildFile; fileRef = 6DCD77EA2CE4585F003C582C /* AppDelegate.swift */; };
		6DCD77ED2CE4585F003C582C /* SceneDelegate.swift in Sources */ = {isa = PBXBuildFile; fileRef = 6DCD77EC2CE4585F003C582C /* SceneDelegate.swift */; };
		6DCD77EF2CE4585F003C582C /* ViewController.swift in Sources */ = {isa = PBXBuildFile; fileRef = 6DCD77EE2CE4585F003C582C /* ViewController.swift */; };
		6DCD77F22CE4585F003C582C /* Base in Resources */ = {isa = PBXBuildFile; fileRef = 6DCD77F12CE4585F003C582C /* Base */; };
		6DCD77F42CE45861003C582C /* Assets.xcassets in Resources */ = {isa = PBXBuildFile; fileRef = 6DCD77F32CE45861003C582C /* Assets.xcassets */; };
		6DCD77F72CE45861003C582C /* Base in Resources */ = {isa = PBXBuildFile; fileRef = 6DCD77F62CE45861003C582C /* Base */; };
/* End PBXBuildFile section */

/* Begin PBXFileReference section */
		6D6603B02D057E2B0099E0B2 /* CollectionViewCell.swift */ = {isa = PBXFileReference; lastKnownFileType = sourcecode.swift; path = CollectionViewCell.swift; sourceTree = "<group>"; };
		6D6603B12D057E2B0099E0B2 /* CollectionViewCell.xib */ = {isa = PBXFileReference; lastKnownFileType = file.xib; path = CollectionViewCell.xib; sourceTree = "<group>"; };
		6DCD77E72CE4585F003C582C /* AutoLayoutPurchase.app */ = {isa = PBXFileReference; explicitFileType = wrapper.application; includeInIndex = 0; path = AutoLayoutPurchase.app; sourceTree = BUILT_PRODUCTS_DIR; };
		6DCD77EA2CE4585F003C582C /* AppDelegate.swift */ = {isa = PBXFileReference; lastKnownFileType = sourcecode.swift; path = AppDelegate.swift; sourceTree = "<group>"; };
		6DCD77EC2CE4585F003C582C /* SceneDelegate.swift */ = {isa = PBXFileReference; lastKnownFileType = sourcecode.swift; path = SceneDelegate.swift; sourceTree = "<group>"; };
		6DCD77EE2CE4585F003C582C /* ViewController.swift */ = {isa = PBXFileReference; lastKnownFileType = sourcecode.swift; path = ViewController.swift; sourceTree = "<group>"; };
		6DCD77F12CE4585F003C582C /* Base */ = {isa = PBXFileReference; lastKnownFileType = file.storyboard; name = Base; path = Base.lproj/Main.storyboard; sourceTree = "<group>"; };
		6DCD77F32CE45861003C582C /* Assets.xcassets */ = {isa = PBXFileReference; lastKnownFileType = folder.assetcatalog; path = Assets.xcassets; sourceTree = "<group>"; };
		6DCD77F62CE45861003C582C /* Base */ = {isa = PBXFileReference; lastKnownFileType = file.storyboard; name = Base; path = Base.lproj/LaunchScreen.storyboard; sourceTree = "<group>"; };
		6DCD77F82CE45861003C582C /* Info.plist */ = {isa = PBXFileReference; lastKnownFileType = text.plist.xml; path = Info.plist; sourceTree = "<group>"; };
/* End PBXFileReference section */

/* Begin PBXFrameworksBuildPhase section */
		6DCD77E42CE4585F003C582C /* Frameworks */ = {
			isa = PBXFrameworksBuildPhase;
			buildActionMask = 2147483647;
			files = (
			);
			runOnlyForDeploymentPostprocessing = 0;
		};
/* End PBXFrameworksBuildPhase section */

/* Begin PBXGroup section */
		6DCD77DE2CE4585F003C582C = {
			isa = PBXGroup;
			children = (
				6DCD77E92CE4585F003C582C /* AutoLayoutPurchase */,
				6DCD77E82CE4585F003C582C /* Products */,
			);
			sourceTree = "<group>";
		};
		6DCD77E82CE4585F003C582C /* Products */ = {
			isa = PBXGroup;
			children = (
				6DCD77E72CE4585F003C582C /* AutoLayoutPurchase.app */,
			);
			name = Products;
			sourceTree = "<group>";
		};
		6DCD77E92CE4585F003C582C /* AutoLayoutPurchase */ = {
			isa = PBXGroup;
			children = (
				6DCD77EA2CE4585F003C582C /* AppDelegate.swift */,
				6DCD77EC2CE4585F003C582C /* SceneDelegate.swift */,
				6DCD77EE2CE4585F003C582C /* ViewController.swift */,
				6DCD77F02CE4585F003C582C /* Main.storyboard */,
				6DCD77F32CE45861003C582C /* Assets.xcassets */,
				6DCD77F52CE45861003C582C /* LaunchScreen.storyboard */,
				6DCD77F82CE45861003C582C /* Info.plist */,
				6D6603B02D057E2B0099E0B2 /* CollectionViewCell.swift */,
				6D6603B12D057E2B0099E0B2 /* CollectionViewCell.xib */,
			);
			path = AutoLayoutPurchase;
			sourceTree = "<group>";
		};
/* End PBXGroup section */

/* Begin PBXNativeTarget section */
		6DCD77E62CE4585F003C582C /* AutoLayoutPurchase */ = {
			isa = PBXNativeTarget;
			buildConfigurationList = 6DCD77FB2CE45861003C582C /* Build configuration list for PBXNativeTarget "AutoLayoutPurchase" */;
			buildPhases = (
				6DCD77E32CE4585F003C582C /* Sources */,
				6DCD77E42CE4585F003C582C /* Frameworks */,
				6DCD77E52CE4585F003C582C /* Resources */,
			);
			buildRules = (
			);
			dependencies = (
			);
			name = AutoLayoutPurchase;
			productName = AutoLayoutPurchase;
			productReference = 6DCD77E72CE4585F003C582C /* AutoLayoutPurchase.app */;
			productType = "com.apple.product-type.application";
		};
/* End PBXNativeTarget section */

/* Begin PBXProject section */
		6DCD77DF2CE4585F003C582C /* Project object */ = {
			isa = PBXProject;
			attributes = {
				BuildIndependentTargetsInParallel = 1;
				LastSwiftUpdateCheck = 1540;
				LastUpgradeCheck = 1540;
				TargetAttributes = {
					6DCD77E62CE4585F003C582C = {
						CreatedOnToolsVersion = 15.4;
					};
				};
			};
			buildConfigurationList = 6DCD77E22CE4585F003C582C /* Build configuration list for PBXProject "AutoLayoutPurchase" */;
			compatibilityVersion = "Xcode 14.0";
			developmentRegion = en;
			hasScannedForEncodings = 0;
			knownRegions = (
				en,
				Base,
			);
			mainGroup = 6DCD77DE2CE4585F003C582C;
			productRefGroup = 6DCD77E82CE4585F003C582C /* Products */;
			projectDirPath = "";
			projectRoot = "";
			targets = (
				6DCD77E62CE4585F003C582C /* AutoLayoutPurchase */,
			);
		};
/* End PBXProject section */

/* Begin PBXResourcesBuildPhase section */
		6DCD77E52CE4585F003C582C /* Resources */ = {
			isa = PBXResourcesBuildPhase;
			buildActionMask = 2147483647;
			files = (
				6DCD77F42CE45861003C582C /* Assets.xcassets in Resources */,
				6DCD77F72CE45861003C582C /* Base in Resources */,
				6D6603B22D057E2B0099E0B2 /* CollectionViewCell.xib in Resources */,
				6DCD77F22CE4585F003C582C /* Base in Resources */,
			);
			runOnlyForDeploymentPostprocessing = 0;
		};
/* End PBXResourcesBuildPhase section */

/* Begin PBXSourcesBuildPhase section */
		6DCD77E32CE4585F003C582C /* Sources */ = {
			isa = PBXSourcesBuildPhase;
			buildActionMask = 2147483647;
			files = (
				6DCD77EF2CE4585F003C582C /* ViewController.swift in Sources */,
				6DCD77EB2CE4585F003C582C /* AppDelegate.swift in Sources */,
				6D6603B32D057E2B0099E0B2 /* CollectionViewCell.swift in Sources */,
				6DCD77ED2CE4585F003C582C /* SceneDelegate.swift in Sources */,
			);
			runOnlyForDeploymentPostprocessing = 0;
		};
/* End PBXSourcesBuildPhase section */

/* Begin PBXVariantGroup section */
		6DCD77F02CE4585F003C582C /* Main.storyboard */ = {
			isa = PBXVariantGroup;
			children = (
				6DCD77F12CE4585F003C582C /* Base */,
			);
			name = Main.storyboard;
			sourceTree = "<group>";
		};
		6DCD77F52CE45861003C582C /* LaunchScreen.storyboard */ = {
			isa = PBXVariantGroup;
			children = (
				6DCD77F62CE45861003C582C /* Base */,
			);
			name = LaunchScreen.storyboard;
			sourceTree = "<group>";
		};
/* End PBXVariantGroup section */

/* Begin XCBuildConfiguration section */
		6DCD77F92CE45861003C582C /* Debug */ = {
			isa = XCBuildConfiguration;
			buildSettings = {
				ALWAYS_SEARCH_USER_PATHS = NO;
				ASSETCATALOG_COMPILER_GENERATE_SWIFT_ASSET_SYMBOL_EXTENSIONS = YES;
				CLANG_ANALYZER_NONNULL = YES;
				CLANG_ANALYZER_NUMBER_OBJECT_CONVERSION = YES_AGGRESSIVE;
				CLANG_CXX_LANGUAGE_STANDARD = "gnu++20";
				CLANG_ENABLE_MODULES = YES;
				CLANG_ENABLE_OBJC_ARC = YES;
				CLANG_ENABLE_OBJC_WEAK = YES;
				CLANG_WARN_BLOCK_CAPTURE_AUTORELEASING = YES;
				CLANG_WARN_BOOL_CONVERSION = YES;
				CLANG_WARN_COMMA = YES;
				CLANG_WARN_CONSTANT_CONVERSION = YES;
				CLANG_WARN_DEPRECATED_OBJC_IMPLEMENTATIONS = YES;
				CLANG_WARN_DIRECT_OBJC_ISA_USAGE = YES_ERROR;
				CLANG_WARN_DOCUMENTATION_COMMENTS = YES;
				CLANG_WARN_EMPTY_BODY = YES;
				CLANG_WARN_ENUM_CONVERSION = YES;
				CLANG_WARN_INFINITE_RECURSION = YES;
				CLANG_WARN_INT_CONVERSION = YES;
				CLANG_WARN_NON_LITERAL_NULL_CONVERSION = YES;
				CLANG_WARN_OBJC_IMPLICIT_RETAIN_SELF = YES;
				CLANG_WARN_OBJC_LITERAL_CONVERSION = YES;
				CLANG_WARN_OBJC_ROOT_CLASS = YES_ERROR;
				CLANG_WARN_QUOTED_INCLUDE_IN_FRAMEWORK_HEADER = YES;
				CLANG_WARN_RANGE_LOOP_ANALYSIS = YES;
				CLANG_WARN_STRICT_PROTOTYPES = YES;
				CLANG_WARN_SUSPICIOUS_MOVE = YES;
				CLANG_WARN_UNGUARDED_AVAILABILITY = YES_AGGRESSIVE;
				CLANG_WARN_UNREACHABLE_CODE = YES;
				CLANG_WARN__DUPLICATE_METHOD_MATCH = YES;
				COPY_PHASE_STRIP = NO;
				DEBUG_INFORMATION_FORMAT = dwarf;
				ENABLE_STRICT_OBJC_MSGSEND = YES;
				ENABLE_TESTABILITY = YES;
				ENABLE_USER_SCRIPT_SANDBOXING = YES;
				GCC_C_LANGUAGE_STANDARD = gnu17;
				GCC_DYNAMIC_NO_PIC = NO;
				GCC_NO_COMMON_BLOCKS = YES;
				GCC_OPTIMIZATION_LEVEL = 0;
				GCC_PREPROCESSOR_DEFINITIONS = (
					"DEBUG=1",
					"$(inherited)",
				);
				GCC_WARN_64_TO_32_BIT_CONVERSION = YES;
				GCC_WARN_ABOUT_RETURN_TYPE = YES_ERROR;
				GCC_WARN_UNDECLARED_SELECTOR = YES;
				GCC_WARN_UNINITIALIZED_AUTOS = YES_AGGRESSIVE;
				GCC_WARN_UNUSED_FUNCTION = YES;
				GCC_WARN_UNUSED_VARIABLE = YES;
				IPHONEOS_DEPLOYMENT_TARGET = 17.5;
				LOCALIZATION_PREFERS_STRING_CATALOGS = YES;
				MTL_ENABLE_DEBUG_INFO = INCLUDE_SOURCE;
				MTL_FAST_MATH = YES;
				ONLY_ACTIVE_ARCH = YES;
				SDKROOT = iphoneos;
				SWIFT_ACTIVE_COMPILATION_CONDITIONS = "DEBUG $(inherited)";
				SWIFT_OPTIMIZATION_LEVEL = "-Onone";
			};
			name = Debug;
		};
		6DCD77FA2CE45861003C582C /* Release */ = {
			isa = XCBuildConfiguration;
			buildSettings = {
				ALWAYS_SEARCH_USER_PATHS = NO;
				ASSETCATALOG_COMPILER_GENERATE_SWIFT_ASSET_SYMBOL_EXTENSIONS = YES;
				CLANG_ANALYZER_NONNULL = YES;
				CLANG_ANALYZER_NUMBER_OBJECT_CONVERSION = YES_AGGRESSIVE;
				CLANG_CXX_LANGUAGE_STANDARD = "gnu++20";
				CLANG_ENABLE_MODULES = YES;
				CLANG_ENABLE_OBJC_ARC = YES;
				CLANG_ENABLE_OBJC_WEAK = YES;
				CLANG_WARN_BLOCK_CAPTURE_AUTORELEASING = YES;
				CLANG_WARN_BOOL_CONVERSION = YES;
				CLANG_WARN_COMMA = YES;
				CLANG_WARN_CONSTANT_CONVERSION = YES;
				CLANG_WARN_DEPRECATED_OBJC_IMPLEMENTATIONS = YES;
				CLANG_WARN_DIRECT_OBJC_ISA_USAGE = YES_ERROR;
				CLANG_WARN_DOCUMENTATION_COMMENTS = YES;
				CLANG_WARN_EMPTY_BODY = YES;
				CLANG_WARN_ENUM_CONVERSION = YES;
				CLANG_WARN_INFINITE_RECURSION = YES;
				CLANG_WARN_INT_CONVERSION = YES;
				CLANG_WARN_NON_LITERAL_NULL_CONVERSION = YES;
				CLANG_WARN_OBJC_IMPLICIT_RETAIN_SELF = YES;
				CLANG_WARN_OBJC_LITERAL_CONVERSION = YES;
				CLANG_WARN_OBJC_ROOT_CLASS = YES_ERROR;
				CLANG_WARN_QUOTED_INCLUDE_IN_FRAMEWORK_HEADER = YES;
				CLANG_WARN_RANGE_LOOP_ANALYSIS = YES;
				CLANG_WARN_STRICT_PROTOTYPES = YES;
				CLANG_WARN_SUSPICIOUS_MOVE = YES;
				CLANG_WARN_UNGUARDED_AVAILABILITY = YES_AGGRESSIVE;
				CLANG_WARN_UNREACHABLE_CODE = YES;
				CLANG_WARN__DUPLICATE_METHOD_MATCH = YES;
				COPY_PHASE_STRIP = NO;
				DEBUG_INFORMATION_FORMAT = "dwarf-with-dsym";
				ENABLE_NS_ASSERTIONS = NO;
				ENABLE_STRICT_OBJC_MSGSEND = YES;
				ENABLE_USER_SCRIPT_SANDBOXING = YES;
				GCC_C_LANGUAGE_STANDARD = gnu17;
				GCC_NO_COMMON_BLOCKS = YES;
				GCC_WARN_64_TO_32_BIT_CONVERSION = YES;
				GCC_WARN_ABOUT_RETURN_TYPE = YES_ERROR;
				GCC_WARN_UNDECLARED_SELECTOR = YES;
				GCC_WARN_UNINITIALIZED_AUTOS = YES_AGGRESSIVE;
				GCC_WARN_UNUSED_FUNCTION = YES;
				GCC_WARN_UNUSED_VARIABLE = YES;
				IPHONEOS_DEPLOYMENT_TARGET = 17.5;
				LOCALIZATION_PREFERS_STRING_CATALOGS = YES;
				MTL_ENABLE_DEBUG_INFO = NO;
				MTL_FAST_MATH = YES;
				SDKROOT = iphoneos;
				SWIFT_COMPILATION_MODE = wholemodule;
				VALIDATE_PRODUCT = YES;
			};
			name = Release;
		};
		6DCD77FC2CE45861003C582C /* Debug */ = {
			isa = XCBuildConfiguration;
			buildSettings = {
				ASSETCATALOG_COMPILER_APPICON_NAME = AppIcon;
				ASSETCATALOG_COMPILER_GLOBAL_ACCENT_COLOR_NAME = AccentColor;
				CODE_SIGN_STYLE = Automatic;
				CURRENT_PROJECT_VERSION = 1;
				DEVELOPMENT_TEAM = Z5QKKN4N6Z;
				GENERATE_INFOPLIST_FILE = YES;
				INFOPLIST_FILE = AutoLayoutPurchase/Info.plist;
				INFOPLIST_KEY_UIApplicationSupportsIndirectInputEvents = YES;
				INFOPLIST_KEY_UILaunchStoryboardName = LaunchScreen;
				INFOPLIST_KEY_UIMainStoryboardFile = Main;
				INFOPLIST_KEY_UISupportedInterfaceOrientations_iPad = "UIInterfaceOrientationPortrait UIInterfaceOrientationPortraitUpsideDown UIInterfaceOrientationLandscapeLeft UIInterfaceOrientationLandscapeRight";
				INFOPLIST_KEY_UISupportedInterfaceOrientations_iPhone = "UIInterfaceOrientationPortrait UIInterfaceOrientationLandscapeLeft UIInterfaceOrientationLandscapeRight";
				LD_RUNPATH_SEARCH_PATHS = (
					"$(inherited)",
					"@executable_path/Frameworks",
				);
				MARKETING_VERSION = 1.0;
				PRODUCT_BUNDLE_IDENTIFIER = com.brainCraft.AutoLayoutPurchase;
				PRODUCT_NAME = "$(TARGET_NAME)";
				SWIFT_EMIT_LOC_STRINGS = YES;
				SWIFT_VERSION = 5.0;
				TARGETED_DEVICE_FAMILY = "1,2";
			};
			name = Debug;
		};
		6DCD77FD2CE45861003C582C /* Release */ = {
			isa = XCBuildConfiguration;
			buildSettings = {
				ASSETCATALOG_COMPILER_APPICON_NAME = AppIcon;
				ASSETCATALOG_COMPILER_GLOBAL_ACCENT_COLOR_NAME = AccentColor;
				CODE_SIGN_STYLE = Automatic;
				CURRENT_PROJECT_VERSION = 1;
				DEVELOPMENT_TEAM = Z5QKKN4N6Z;
				GENERATE_INFOPLIST_FILE = YES;
				INFOPLIST_FILE = AutoLayoutPurchase/Info.plist;
				INFOPLIST_KEY_UIApplicationSupportsIndirectInputEvents = YES;
				INFOPLIST_KEY_UILaunchStoryboardName = LaunchScreen;
				INFOPLIST_KEY_UIMainStoryboardFile = Main;
				INFOPLIST_KEY_UISupportedInterfaceOrientations_iPad = "UIInterfaceOrientationPortrait UIInterfaceOrientationPortraitUpsideDown UIInterfaceOrientationLandscapeLeft UIInterfaceOrientationLandscapeRight";
				INFOPLIST_KEY_UISupportedInterfaceOrientations_iPhone = "UIInterfaceOrientationPortrait UIInterfaceOrientationLandscapeLeft UIInterfaceOrientationLandscapeRight";
				LD_RUNPATH_SEARCH_PATHS = (
					"$(inherited)",
					"@executable_path/Frameworks",
				);
				MARKETING_VERSION = 1.0;
				PRODUCT_BUNDLE_IDENTIFIER = com.brainCraft.AutoLayoutPurchase;
				PRODUCT_NAME = "$(TARGET_NAME)";
				SWIFT_EMIT_LOC_STRINGS = YES;
				SWIFT_VERSION = 5.0;
				TARGETED_DEVICE_FAMILY = "1,2";
			};
			name = Release;
		};
/* End XCBuildConfiguration section */

/* Begin XCConfigurationList section */
		6DCD77E22CE4585F003C582C /* Build configuration list for PBXProject "AutoLayoutPurchase" */ = {
			isa = XCConfigurationList;
			buildConfigurations = (
				6DCD77F92CE45861003C582C /* Debug */,
				6DCD77FA2CE45861003C582C /* Release */,
			);
			defaultConfigurationIsVisible = 0;
			defaultConfigurationName = Release;
		};
		6DCD77FB2CE45861003C582C /* Build configuration list for PBXNativeTarget "AutoLayoutPurchase" */ = {
			isa = XCConfigurationList;
			buildConfigurations = (
				6DCD77FC2CE45861003C582C /* Debug */,
				6DCD77FD2CE45861003C582C /* Release */,
			);
			defaultConfigurationIsVisible = 0;
			defaultConfigurationName = Release;
		};
/* End XCConfigurationList section */
	};
	rootObject = 6DCD77DF2CE4585F003C582C /* Project object */;
}
